
Microsoft Visual Studio Solution File, Format Version 12.00
# Visual Studio Version 16
VisualStudioVersion = 16.0.30709.132
MinimumVisualStudioVersion = 10.0.40219.1
Project("{FAE04EC0-301F-11D3-BF4B-00C04F79EFBC}") = "math", "math\math.csproj", "{EB48F9A5-3C2A-486C-91F7-BAD9D59718A8}"
EndProject
Global
	GlobalSection(SolutionConfigurationPlatforms) = preSolution
		Debug|Any CPU = Debug|Any CPU
		Release|Any CPU = Release|Any CPU
	EndGlobalSection
	GlobalSection(ProjectConfigurationPlatforms) = postSolution
		{EB48F9A5-3C2A-486C-91F7-BAD9D59718A8}.Debug|Any CPU.ActiveCfg = Debug|Any CPU
		{EB48F9A5-3C2A-486C-91F7-BAD9D59718A8}.Debug|Any CPU.Build.0 = Debug|Any CPU
		{EB48F9A5-3C2A-486C-91F7-BAD9D59718A8}.Release|Any CPU.ActiveCfg = Release|Any CPU
		{EB48F9A5-3C2A-486C-91F7-BAD9D59718A8}.Release|Any CPU.Build.0 = Release|Any CPU
	EndGlobalSection
	GlobalSection(SolutionProperties) = preSolution
		HideSolutionNode = FALSE
	EndGlobalSection
	GlobalSection(ExtensibilityGlobals) = postSolution
		SolutionGuid = {806F49D9-B49C-4C1A-BB11-26D09A551395}
	EndGlobalSection
EndGlobal
